// !$*UTF8*$!
{
	archiveVersion = 1;
	classes = {
	};
	objectVersion = 46;
	objects = {

/* Begin PBXBuildFile section */
		1810B02F1DD1C5BD00AD360E /* Alamofire.framework in Frameworks */ = {isa = PBXBuildFile; fileRef = 1810B02E1DD1C5BD00AD360E /* Alamofire.framework */; };
		1810B05D1DD2012B00AD360E /* Assets.bundle in Resources */ = {isa = PBXBuildFile; fileRef = 1810B05B1DD2012B00AD360E /* Assets.bundle */; };
		1810B0611DD2014200AD360E /* YTPlayerView.h in Headers */ = {isa = PBXBuildFile; fileRef = 1810B05F1DD2014200AD360E /* YTPlayerView.h */; settings = {ATTRIBUTES = (Public, ); }; };
		1810B0621DD2014200AD360E /* YTPlayerView.m in Sources */ = {isa = PBXBuildFile; fileRef = 1810B0601DD2014200AD360E /* YTPlayerView.m */; };
		184032A01DAA769500196E48 /* WebyclipSDK.h in Headers */ = {isa = PBXBuildFile; fileRef = 1840329F1DAA769500196E48 /* WebyclipSDK.h */; settings = {ATTRIBUTES = (Public, ); }; };
		184032A71DAA769500196E48 /* WebyclipSDK.framework in Frameworks */ = {isa = PBXBuildFile; fileRef = 1840329C1DAA769500196E48 /* WebyclipSDK.framework */; };
		184032AC1DAA769500196E48 /* WebyclipSDKTests.swift in Sources */ = {isa = PBXBuildFile; fileRef = 184032AB1DAA769500196E48 /* WebyclipSDKTests.swift */; };
		184032C81DAA7E7B00196E48 /* Nimble.framework in Frameworks */ = {isa = PBXBuildFile; fileRef = 184032C71DAA7E7B00196E48 /* Nimble.framework */; };
		184032CA1DAA7E8200196E48 /* Quick.framework in Frameworks */ = {isa = PBXBuildFile; fileRef = 184032C91DAA7E8200196E48 /* Quick.framework */; };
		184032D81DAA895300196E48 /* WebyclipCarouselController.swift in Sources */ = {isa = PBXBuildFile; fileRef = 184032CC1DAA895300196E48 /* WebyclipCarouselController.swift */; };
		184032DA1DAA895300196E48 /* WebyclipSession.swift in Sources */ = {isa = PBXBuildFile; fileRef = 184032CE1DAA895300196E48 /* WebyclipSession.swift */; };
		184032DB1DAA895300196E48 /* WebyclipMedia.swift in Sources */ = {isa = PBXBuildFile; fileRef = 184032CF1DAA895300196E48 /* WebyclipMedia.swift */; };
		184032DC1DAA895300196E48 /* WebyclipPlayerConfig.swift in Sources */ = {isa = PBXBuildFile; fileRef = 184032D01DAA895300196E48 /* WebyclipPlayerConfig.swift */; };
		184032DD1DAA895300196E48 /* WebyclipCarouselConfig.swift in Sources */ = {isa = PBXBuildFile; fileRef = 184032D11DAA895300196E48 /* WebyclipCarouselConfig.swift */; };
		184032DE1DAA895300196E48 /* WebyclipContext.swift in Sources */ = {isa = PBXBuildFile; fileRef = 184032D21DAA895300196E48 /* WebyclipContext.swift */; };
		184032DF1DAA895300196E48 /* WebyclipContextConfig.swift in Sources */ = {isa = PBXBuildFile; fileRef = 184032D31DAA895300196E48 /* WebyclipContextConfig.swift */; };
		184032E01DAA895300196E48 /* WebyclipSDKManager.swift in Sources */ = {isa = PBXBuildFile; fileRef = 184032D41DAA895300196E48 /* WebyclipSDKManager.swift */; };
		184032E11DAA895300196E48 /* WebyclipCarouselProtocol.swift in Sources */ = {isa = PBXBuildFile; fileRef = 184032D51DAA895300196E48 /* WebyclipCarouselProtocol.swift */; };
		184032E21DAA895300196E48 /* WebyclipPlayerProtocol.swift in Sources */ = {isa = PBXBuildFile; fileRef = 184032D61DAA895300196E48 /* WebyclipPlayerProtocol.swift */; };
		184032E31DAA895300196E48 /* WebyclipRelatedItem.swift in Sources */ = {isa = PBXBuildFile; fileRef = 184032D71DAA895300196E48 /* WebyclipRelatedItem.swift */; };
		184032FD1DAA8AB000196E48 /* SwiftyJSON.framework in Frameworks */ = {isa = PBXBuildFile; fileRef = 184032FC1DAA8AB000196E48 /* SwiftyJSON.framework */; };
		18956DB51DAB67A5008A7534 /* CryptoSwift.framework in Frameworks */ = {isa = PBXBuildFile; fileRef = 18956DB41DAB67A5008A7534 /* CryptoSwift.framework */; };
		18D197A81DD06071004A1D88 /* readme.md in Sources */ = {isa = PBXBuildFile; fileRef = 18D197A71DD06071004A1D88 /* readme.md */; };
		B94AF9971DC0B91B00A681C0 /* Images.xcassets in Resources */ = {isa = PBXBuildFile; fileRef = B94AF9961DC0B91B00A681C0 /* Images.xcassets */; };
		B97840091DCD2402008DA629 /* WebyclipPlayerCell.xib in Resources */ = {isa = PBXBuildFile; fileRef = B97840081DCD2402008DA629 /* WebyclipPlayerCell.xib */; };
		B978400B1DCD2749008DA629 /* WebyclipPlayerCollectionViewCell.swift in Sources */ = {isa = PBXBuildFile; fileRef = B978400A1DCD2749008DA629 /* WebyclipPlayerCollectionViewCell.swift */; };
		B978400D1DCD2779008DA629 /* WebyclipPlayerItem.swift in Sources */ = {isa = PBXBuildFile; fileRef = B978400C1DCD2779008DA629 /* WebyclipPlayerItem.swift */; };
		B978400F1DCD2941008DA629 /* WebyclipPlayer.xib in Resources */ = {isa = PBXBuildFile; fileRef = B978400E1DCD2941008DA629 /* WebyclipPlayer.xib */; };
		B9C5BD841DCB1BA800B812AE /* WebyclipCarouselItem.swift in Sources */ = {isa = PBXBuildFile; fileRef = B9C5BD831DCB1BA800B812AE /* WebyclipCarouselItem.swift */; };
		B9C5BD861DCB353400B812AE /* WebyclipCarouselCollectionViewCell.swift in Sources */ = {isa = PBXBuildFile; fileRef = B9C5BD851DCB353400B812AE /* WebyclipCarouselCollectionViewCell.swift */; };
		B9C5BD881DCB3E3100B812AE /* WebyclipCarousel.xib in Resources */ = {isa = PBXBuildFile; fileRef = B9C5BD871DCB3E3100B812AE /* WebyclipCarousel.xib */; };
		B9C5BD8A1DCB3FBE00B812AE /* WebyclipCarouselCell.xib in Resources */ = {isa = PBXBuildFile; fileRef = B9C5BD891DCB3FBE00B812AE /* WebyclipCarouselCell.xib */; };
		B9CD5AB01DB7C5D9002B96E3 /* WebyclipPlayerController.swift in Sources */ = {isa = PBXBuildFile; fileRef = B9CD5AAE1DB7C5D9002B96E3 /* WebyclipPlayerController.swift */; };
/* End PBXBuildFile section */

/* Begin PBXContainerItemProxy section */
		184032A81DAA769500196E48 /* PBXContainerItemProxy */ = {
			isa = PBXContainerItemProxy;
			containerPortal = 184032931DAA769500196E48 /* Project object */;
			proxyType = 1;
			remoteGlobalIDString = 1840329B1DAA769500196E48;
			remoteInfo = WebyclipSDK;
		};
/* End PBXContainerItemProxy section */

/* Begin PBXCopyFilesBuildPhase section */
		18956DB21DAB641C008A7534 /* CopyFiles */ = {
			isa = PBXCopyFilesBuildPhase;
			buildActionMask = 2147483647;
			dstPath = "";
			dstSubfolderSpec = 10;
			files = (
			);
			runOnlyForDeploymentPostprocessing = 0;
		};
/* End PBXCopyFilesBuildPhase section */

/* Begin PBXFileReference section */
		1810B02E1DD1C5BD00AD360E /* Alamofire.framework */ = {isa = PBXFileReference; lastKnownFileType = wrapper.framework; name = Alamofire.framework; path = Carthage/Build/iOS/Alamofire.framework; sourceTree = "<group>"; };
		1810B05B1DD2012B00AD360E /* Assets.bundle */ = {isa = PBXFileReference; lastKnownFileType = "wrapper.plug-in"; path = Assets.bundle; sourceTree = "<group>"; };
		1810B05F1DD2014200AD360E /* YTPlayerView.h */ = {isa = PBXFileReference; fileEncoding = 4; lastKnownFileType = sourcecode.c.h; path = YTPlayerView.h; sourceTree = "<group>"; };
		1810B0601DD2014200AD360E /* YTPlayerView.m */ = {isa = PBXFileReference; fileEncoding = 4; lastKnownFileType = sourcecode.c.objc; path = YTPlayerView.m; sourceTree = "<group>"; };
		1840329C1DAA769500196E48 /* WebyclipSDK.framework */ = {isa = PBXFileReference; explicitFileType = wrapper.framework; includeInIndex = 0; path = WebyclipSDK.framework; sourceTree = BUILT_PRODUCTS_DIR; };
		1840329F1DAA769500196E48 /* WebyclipSDK.h */ = {isa = PBXFileReference; lastKnownFileType = sourcecode.c.h; path = WebyclipSDK.h; sourceTree = "<group>"; };
		184032A11DAA769500196E48 /* Info.plist */ = {isa = PBXFileReference; lastKnownFileType = text.plist.xml; path = Info.plist; sourceTree = "<group>"; };
		184032A61DAA769500196E48 /* WebyclipSDKTests.xctest */ = {isa = PBXFileReference; explicitFileType = wrapper.cfbundle; includeInIndex = 0; path = WebyclipSDKTests.xctest; sourceTree = BUILT_PRODUCTS_DIR; };
		184032AB1DAA769500196E48 /* WebyclipSDKTests.swift */ = {isa = PBXFileReference; lastKnownFileType = sourcecode.swift; path = WebyclipSDKTests.swift; sourceTree = "<group>"; };
		184032AD1DAA769500196E48 /* Info.plist */ = {isa = PBXFileReference; lastKnownFileType = text.plist.xml; path = Info.plist; sourceTree = "<group>"; };
		184032C71DAA7E7B00196E48 /* Nimble.framework */ = {isa = PBXFileReference; lastKnownFileType = wrapper.framework; name = Nimble.framework; path = Carthage/Build/iOS/Nimble.framework; sourceTree = "<group>"; };
		184032C91DAA7E8200196E48 /* Quick.framework */ = {isa = PBXFileReference; lastKnownFileType = wrapper.framework; name = Quick.framework; path = Carthage/Build/iOS/Quick.framework; sourceTree = "<group>"; };
		184032CC1DAA895300196E48 /* WebyclipCarouselController.swift */ = {isa = PBXFileReference; fileEncoding = 4; lastKnownFileType = sourcecode.swift; path = WebyclipCarouselController.swift; sourceTree = "<group>"; wrapsLines = 0; };
		184032CE1DAA895300196E48 /* WebyclipSession.swift */ = {isa = PBXFileReference; fileEncoding = 4; lastKnownFileType = sourcecode.swift; path = WebyclipSession.swift; sourceTree = "<group>"; };
		184032CF1DAA895300196E48 /* WebyclipMedia.swift */ = {isa = PBXFileReference; fileEncoding = 4; lastKnownFileType = sourcecode.swift; path = WebyclipMedia.swift; sourceTree = "<group>"; };
		184032D01DAA895300196E48 /* WebyclipPlayerConfig.swift */ = {isa = PBXFileReference; fileEncoding = 4; lastKnownFileType = sourcecode.swift; path = WebyclipPlayerConfig.swift; sourceTree = "<group>"; };
		184032D11DAA895300196E48 /* WebyclipCarouselConfig.swift */ = {isa = PBXFileReference; fileEncoding = 4; lastKnownFileType = sourcecode.swift; path = WebyclipCarouselConfig.swift; sourceTree = "<group>"; };
		184032D21DAA895300196E48 /* WebyclipContext.swift */ = {isa = PBXFileReference; fileEncoding = 4; lastKnownFileType = sourcecode.swift; path = WebyclipContext.swift; sourceTree = "<group>"; };
		184032D31DAA895300196E48 /* WebyclipContextConfig.swift */ = {isa = PBXFileReference; fileEncoding = 4; lastKnownFileType = sourcecode.swift; path = WebyclipContextConfig.swift; sourceTree = "<group>"; };
		184032D41DAA895300196E48 /* WebyclipSDKManager.swift */ = {isa = PBXFileReference; fileEncoding = 4; lastKnownFileType = sourcecode.swift; path = WebyclipSDKManager.swift; sourceTree = "<group>"; };
		184032D51DAA895300196E48 /* WebyclipCarouselProtocol.swift */ = {isa = PBXFileReference; fileEncoding = 4; lastKnownFileType = sourcecode.swift; path = WebyclipCarouselProtocol.swift; sourceTree = "<group>"; };
		184032D61DAA895300196E48 /* WebyclipPlayerProtocol.swift */ = {isa = PBXFileReference; fileEncoding = 4; lastKnownFileType = sourcecode.swift; path = WebyclipPlayerProtocol.swift; sourceTree = "<group>"; };
		184032D71DAA895300196E48 /* WebyclipRelatedItem.swift */ = {isa = PBXFileReference; fileEncoding = 4; lastKnownFileType = sourcecode.swift; path = WebyclipRelatedItem.swift; sourceTree = "<group>"; };
		184032FC1DAA8AB000196E48 /* SwiftyJSON.framework */ = {isa = PBXFileReference; lastKnownFileType = wrapper.framework; name = SwiftyJSON.framework; path = Carthage/Build/iOS/SwiftyJSON.framework; sourceTree = "<group>"; };
		18956DB41DAB67A5008A7534 /* CryptoSwift.framework */ = {isa = PBXFileReference; lastKnownFileType = wrapper.framework; name = CryptoSwift.framework; path = Carthage/Build/iOS/CryptoSwift.framework; sourceTree = "<group>"; };
		18D197A71DD06071004A1D88 /* readme.md */ = {isa = PBXFileReference; fileEncoding = 4; lastKnownFileType = net.daringfireball.markdown; path = readme.md; sourceTree = "<group>"; };
		B94AF9961DC0B91B00A681C0 /* Images.xcassets */ = {isa = PBXFileReference; lastKnownFileType = folder.assetcatalog; path = Images.xcassets; sourceTree = "<group>"; };
		B97840081DCD2402008DA629 /* WebyclipPlayerCell.xib */ = {isa = PBXFileReference; fileEncoding = 4; lastKnownFileType = file.xib; path = WebyclipPlayerCell.xib; sourceTree = "<group>"; };
		B978400A1DCD2749008DA629 /* WebyclipPlayerCollectionViewCell.swift */ = {isa = PBXFileReference; fileEncoding = 4; lastKnownFileType = sourcecode.swift; path = WebyclipPlayerCollectionViewCell.swift; sourceTree = "<group>"; };
		B978400C1DCD2779008DA629 /* WebyclipPlayerItem.swift */ = {isa = PBXFileReference; fileEncoding = 4; lastKnownFileType = sourcecode.swift; path = WebyclipPlayerItem.swift; sourceTree = "<group>"; };
		B978400E1DCD2941008DA629 /* WebyclipPlayer.xib */ = {isa = PBXFileReference; fileEncoding = 4; lastKnownFileType = file.xib; path = WebyclipPlayer.xib; sourceTree = "<group>"; };
		B9C5BD831DCB1BA800B812AE /* WebyclipCarouselItem.swift */ = {isa = PBXFileReference; fileEncoding = 4; lastKnownFileType = sourcecode.swift; path = WebyclipCarouselItem.swift; sourceTree = "<group>"; };
		B9C5BD851DCB353400B812AE /* WebyclipCarouselCollectionViewCell.swift */ = {isa = PBXFileReference; fileEncoding = 4; lastKnownFileType = sourcecode.swift; path = WebyclipCarouselCollectionViewCell.swift; sourceTree = "<group>"; };
		B9C5BD871DCB3E3100B812AE /* WebyclipCarousel.xib */ = {isa = PBXFileReference; fileEncoding = 4; lastKnownFileType = file.xib; path = WebyclipCarousel.xib; sourceTree = "<group>"; };
		B9C5BD891DCB3FBE00B812AE /* WebyclipCarouselCell.xib */ = {isa = PBXFileReference; fileEncoding = 4; lastKnownFileType = file.xib; path = WebyclipCarouselCell.xib; sourceTree = "<group>"; };
		B9CD5AAE1DB7C5D9002B96E3 /* WebyclipPlayerController.swift */ = {isa = PBXFileReference; fileEncoding = 4; lastKnownFileType = sourcecode.swift; path = WebyclipPlayerController.swift; sourceTree = "<group>"; };
/* End PBXFileReference section */

/* Begin PBXFrameworksBuildPhase section */
		184032981DAA769500196E48 /* Frameworks */ = {
			isa = PBXFrameworksBuildPhase;
			buildActionMask = 2147483647;
			files = (
				1810B02F1DD1C5BD00AD360E /* Alamofire.framework in Frameworks */,
				18956DB51DAB67A5008A7534 /* CryptoSwift.framework in Frameworks */,
				184032FD1DAA8AB000196E48 /* SwiftyJSON.framework in Frameworks */,
			);
			runOnlyForDeploymentPostprocessing = 0;
		};
		184032A31DAA769500196E48 /* Frameworks */ = {
			isa = PBXFrameworksBuildPhase;
			buildActionMask = 2147483647;
			files = (
				184032CA1DAA7E8200196E48 /* Quick.framework in Frameworks */,
				184032C81DAA7E7B00196E48 /* Nimble.framework in Frameworks */,
				184032A71DAA769500196E48 /* WebyclipSDK.framework in Frameworks */,
			);
			runOnlyForDeploymentPostprocessing = 0;
		};
/* End PBXFrameworksBuildPhase section */

/* Begin PBXGroup section */
		1810B05A1DD2008000AD360E /* YoutubeHelper */ = {
			isa = PBXGroup;
			children = (
				1810B05F1DD2014200AD360E /* YTPlayerView.h */,
				1810B0601DD2014200AD360E /* YTPlayerView.m */,
				1810B05B1DD2012B00AD360E /* Assets.bundle */,
			);
			name = YoutubeHelper;
			sourceTree = "<group>";
		};
		184032921DAA769500196E48 = {
			isa = PBXGroup;
			children = (
				18D197A71DD06071004A1D88 /* readme.md */,
				184032CB1DAA7EEB00196E48 /* Frameworks */,
				1840329E1DAA769500196E48 /* WebyclipSDK */,
				184032AA1DAA769500196E48 /* WebyclipSDKTests */,
				1840329D1DAA769500196E48 /* Products */,
			);
			sourceTree = "<group>";
		};
		1840329D1DAA769500196E48 /* Products */ = {
			isa = PBXGroup;
			children = (
				1840329C1DAA769500196E48 /* WebyclipSDK.framework */,
				184032A61DAA769500196E48 /* WebyclipSDKTests.xctest */,
			);
			name = Products;
			sourceTree = "<group>";
		};
		1840329E1DAA769500196E48 /* WebyclipSDK */ = {
			isa = PBXGroup;
			children = (
				1840329F1DAA769500196E48 /* WebyclipSDK.h */,
				1810B05A1DD2008000AD360E /* YoutubeHelper */,
				B9C5BD8D1DCB45EE00B812AE /* Model */,
				B9C5BD8C1DCB45D500B812AE /* WebyclipCarousel */,
				B9C5BD8B1DCB45A200B812AE /* WebyclipPlayer */,
				184032D41DAA895300196E48 /* WebyclipSDKManager.swift */,
				184032D51DAA895300196E48 /* WebyclipCarouselProtocol.swift */,
				184032D61DAA895300196E48 /* WebyclipPlayerProtocol.swift */,
				184032A11DAA769500196E48 /* Info.plist */,
				B94AF9961DC0B91B00A681C0 /* Images.xcassets */,
			);
			path = WebyclipSDK;
			sourceTree = "<group>";
		};
		184032AA1DAA769500196E48 /* WebyclipSDKTests */ = {
			isa = PBXGroup;
			children = (
				184032AB1DAA769500196E48 /* WebyclipSDKTests.swift */,
				184032AD1DAA769500196E48 /* Info.plist */,
			);
			path = WebyclipSDKTests;
			sourceTree = "<group>";
		};
		184032CB1DAA7EEB00196E48 /* Frameworks */ = {
			isa = PBXGroup;
			children = (
				1810B02E1DD1C5BD00AD360E /* Alamofire.framework */,
				18956DB41DAB67A5008A7534 /* CryptoSwift.framework */,
				184032FC1DAA8AB000196E48 /* SwiftyJSON.framework */,
				184032C91DAA7E8200196E48 /* Quick.framework */,
				184032C71DAA7E7B00196E48 /* Nimble.framework */,
			);
			name = Frameworks;
			sourceTree = "<group>";
		};
		B9C5BD8B1DCB45A200B812AE /* WebyclipPlayer */ = {
			isa = PBXGroup;
			children = (
				B9CD5AAE1DB7C5D9002B96E3 /* WebyclipPlayerController.swift */,
				B978400A1DCD2749008DA629 /* WebyclipPlayerCollectionViewCell.swift */,
				B978400E1DCD2941008DA629 /* WebyclipPlayer.xib */,
				B97840081DCD2402008DA629 /* WebyclipPlayerCell.xib */,
			);
			name = WebyclipPlayer;
			sourceTree = "<group>";
		};
		B9C5BD8C1DCB45D500B812AE /* WebyclipCarousel */ = {
			isa = PBXGroup;
			children = (
				184032CC1DAA895300196E48 /* WebyclipCarouselController.swift */,
				B9C5BD851DCB353400B812AE /* WebyclipCarouselCollectionViewCell.swift */,
				B9C5BD871DCB3E3100B812AE /* WebyclipCarousel.xib */,
				B9C5BD891DCB3FBE00B812AE /* WebyclipCarouselCell.xib */,
			);
			name = WebyclipCarousel;
			sourceTree = "<group>";
		};
		B9C5BD8D1DCB45EE00B812AE /* Model */ = {
			isa = PBXGroup;
			children = (
				184032D11DAA895300196E48 /* WebyclipCarouselConfig.swift */,
				B9C5BD831DCB1BA800B812AE /* WebyclipCarouselItem.swift */,
				184032D21DAA895300196E48 /* WebyclipContext.swift */,
				184032D31DAA895300196E48 /* WebyclipContextConfig.swift */,
				184032CF1DAA895300196E48 /* WebyclipMedia.swift */,
				184032D01DAA895300196E48 /* WebyclipPlayerConfig.swift */,
				B978400C1DCD2779008DA629 /* WebyclipPlayerItem.swift */,
				184032D71DAA895300196E48 /* WebyclipRelatedItem.swift */,
				184032CE1DAA895300196E48 /* WebyclipSession.swift */,
			);
			name = Model;
			sourceTree = "<group>";
		};
/* End PBXGroup section */

/* Begin PBXHeadersBuildPhase section */
		184032991DAA769500196E48 /* Headers */ = {
			isa = PBXHeadersBuildPhase;
			buildActionMask = 2147483647;
			files = (
				184032A01DAA769500196E48 /* WebyclipSDK.h in Headers */,
				1810B0611DD2014200AD360E /* YTPlayerView.h in Headers */,
			);
			runOnlyForDeploymentPostprocessing = 0;
		};
/* End PBXHeadersBuildPhase section */

/* Begin PBXNativeTarget section */
		1840329B1DAA769500196E48 /* WebyclipSDK */ = {
			isa = PBXNativeTarget;
			buildConfigurationList = 184032B01DAA769500196E48 /* Build configuration list for PBXNativeTarget "WebyclipSDK" */;
			buildPhases = (
				184032971DAA769500196E48 /* Sources */,
				184032981DAA769500196E48 /* Frameworks */,
				184032991DAA769500196E48 /* Headers */,
				1840329A1DAA769500196E48 /* Resources */,
				18956DB21DAB641C008A7534 /* CopyFiles */,
			);
			buildRules = (
			);
			dependencies = (
			);
			name = WebyclipSDK;
			productName = WebyclipSDK;
			productReference = 1840329C1DAA769500196E48 /* WebyclipSDK.framework */;
			productType = "com.apple.product-type.framework";
		};
		184032A51DAA769500196E48 /* WebyclipSDKTests */ = {
			isa = PBXNativeTarget;
			buildConfigurationList = 184032B31DAA769500196E48 /* Build configuration list for PBXNativeTarget "WebyclipSDKTests" */;
			buildPhases = (
				184032A21DAA769500196E48 /* Sources */,
				184032A31DAA769500196E48 /* Frameworks */,
				184032A41DAA769500196E48 /* Resources */,
			);
			buildRules = (
			);
			dependencies = (
				184032A91DAA769500196E48 /* PBXTargetDependency */,
			);
			name = WebyclipSDKTests;
			productName = WebyclipSDKTests;
			productReference = 184032A61DAA769500196E48 /* WebyclipSDKTests.xctest */;
			productType = "com.apple.product-type.bundle.unit-test";
		};
/* End PBXNativeTarget section */

/* Begin PBXProject section */
		184032931DAA769500196E48 /* Project object */ = {
			isa = PBXProject;
			attributes = {
				LastSwiftUpdateCheck = 0730;
				LastUpgradeCheck = 0730;
				ORGANIZATIONNAME = "Nimrod Ben Yaakov";
				TargetAttributes = {
					1840329B1DAA769500196E48 = {
						CreatedOnToolsVersion = 7.3.1;
						LastSwiftMigration = 0810;
					};
					184032A51DAA769500196E48 = {
						CreatedOnToolsVersion = 7.3.1;
						LastSwiftMigration = 0810;
					};
				};
			};
			buildConfigurationList = 184032961DAA769500196E48 /* Build configuration list for PBXProject "WebyclipSDK" */;
			compatibilityVersion = "Xcode 3.2";
			developmentRegion = English;
			hasScannedForEncodings = 0;
			knownRegions = (
				en,
			);
			mainGroup = 184032921DAA769500196E48;
			productRefGroup = 1840329D1DAA769500196E48 /* Products */;
			projectDirPath = "";
			projectRoot = "";
			targets = (
				1840329B1DAA769500196E48 /* WebyclipSDK */,
				184032A51DAA769500196E48 /* WebyclipSDKTests */,
			);
		};
/* End PBXProject section */

/* Begin PBXResourcesBuildPhase section */
		1840329A1DAA769500196E48 /* Resources */ = {
			isa = PBXResourcesBuildPhase;
			buildActionMask = 2147483647;
			files = (
				B9C5BD881DCB3E3100B812AE /* WebyclipCarousel.xib in Resources */,
				B94AF9971DC0B91B00A681C0 /* Images.xcassets in Resources */,
				1810B05D1DD2012B00AD360E /* Assets.bundle in Resources */,
				B9C5BD8A1DCB3FBE00B812AE /* WebyclipCarouselCell.xib in Resources */,
				B97840091DCD2402008DA629 /* WebyclipPlayerCell.xib in Resources */,
				B978400F1DCD2941008DA629 /* WebyclipPlayer.xib in Resources */,
			);
			runOnlyForDeploymentPostprocessing = 0;
		};
		184032A41DAA769500196E48 /* Resources */ = {
			isa = PBXResourcesBuildPhase;
			buildActionMask = 2147483647;
			files = (
			);
			runOnlyForDeploymentPostprocessing = 0;
		};
/* End PBXResourcesBuildPhase section */

/* Begin PBXSourcesBuildPhase section */
		184032971DAA769500196E48 /* Sources */ = {
			isa = PBXSourcesBuildPhase;
			buildActionMask = 2147483647;
			files = (
				184032E01DAA895300196E48 /* WebyclipSDKManager.swift in Sources */,
				184032DF1DAA895300196E48 /* WebyclipContextConfig.swift in Sources */,
				1810B0621DD2014200AD360E /* YTPlayerView.m in Sources */,
				184032D81DAA895300196E48 /* WebyclipCarouselController.swift in Sources */,
				B978400B1DCD2749008DA629 /* WebyclipPlayerCollectionViewCell.swift in Sources */,
				184032DC1DAA895300196E48 /* WebyclipPlayerConfig.swift in Sources */,
				184032DB1DAA895300196E48 /* WebyclipMedia.swift in Sources */,
				184032DA1DAA895300196E48 /* WebyclipSession.swift in Sources */,
				184032E11DAA895300196E48 /* WebyclipCarouselProtocol.swift in Sources */,
				B9C5BD841DCB1BA800B812AE /* WebyclipCarouselItem.swift in Sources */,
				184032DD1DAA895300196E48 /* WebyclipCarouselConfig.swift in Sources */,
				184032DE1DAA895300196E48 /* WebyclipContext.swift in Sources */,
				184032E21DAA895300196E48 /* WebyclipPlayerProtocol.swift in Sources */,
				B9C5BD861DCB353400B812AE /* WebyclipCarouselCollectionViewCell.swift in Sources */,
				184032E31DAA895300196E48 /* WebyclipRelatedItem.swift in Sources */,
				B978400D1DCD2779008DA629 /* WebyclipPlayerItem.swift in Sources */,
				18D197A81DD06071004A1D88 /* readme.md in Sources */,
				B9CD5AB01DB7C5D9002B96E3 /* WebyclipPlayerController.swift in Sources */,
			);
			runOnlyForDeploymentPostprocessing = 0;
		};
		184032A21DAA769500196E48 /* Sources */ = {
			isa = PBXSourcesBuildPhase;
			buildActionMask = 2147483647;
			files = (
				184032AC1DAA769500196E48 /* WebyclipSDKTests.swift in Sources */,
			);
			runOnlyForDeploymentPostprocessing = 0;
		};
/* End PBXSourcesBuildPhase section */

/* Begin PBXTargetDependency section */
		184032A91DAA769500196E48 /* PBXTargetDependency */ = {
			isa = PBXTargetDependency;
			target = 1840329B1DAA769500196E48 /* WebyclipSDK */;
			targetProxy = 184032A81DAA769500196E48 /* PBXContainerItemProxy */;
		};
/* End PBXTargetDependency section */

/* Begin XCBuildConfiguration section */
		184032AE1DAA769500196E48 /* Debug */ = {
			isa = XCBuildConfiguration;
			buildSettings = {
				ALWAYS_SEARCH_USER_PATHS = NO;
				CLANG_ANALYZER_NONNULL = YES;
				CLANG_CXX_LANGUAGE_STANDARD = "gnu++0x";
				CLANG_CXX_LIBRARY = "libc++";
				CLANG_ENABLE_MODULES = YES;
				CLANG_ENABLE_OBJC_ARC = YES;
				CLANG_WARN_BOOL_CONVERSION = YES;
				CLANG_WARN_CONSTANT_CONVERSION = YES;
				CLANG_WARN_DIRECT_OBJC_ISA_USAGE = YES_ERROR;
				CLANG_WARN_EMPTY_BODY = YES;
				CLANG_WARN_ENUM_CONVERSION = YES;
				CLANG_WARN_INT_CONVERSION = YES;
				CLANG_WARN_OBJC_ROOT_CLASS = YES_ERROR;
				CLANG_WARN_UNREACHABLE_CODE = YES;
				CLANG_WARN__DUPLICATE_METHOD_MATCH = YES;
				"CODE_SIGN_IDENTITY[sdk=iphoneos*]" = "iPhone Developer";
				COPY_PHASE_STRIP = NO;
				CURRENT_PROJECT_VERSION = 1;
				DEBUG_INFORMATION_FORMAT = dwarf;
				ENABLE_STRICT_OBJC_MSGSEND = YES;
				ENABLE_TESTABILITY = YES;
				GCC_C_LANGUAGE_STANDARD = gnu99;
				GCC_DYNAMIC_NO_PIC = NO;
				GCC_NO_COMMON_BLOCKS = YES;
				GCC_OPTIMIZATION_LEVEL = 0;
				GCC_PREPROCESSOR_DEFINITIONS = (
					"DEBUG=1",
					"$(inherited)",
				);
				GCC_WARN_64_TO_32_BIT_CONVERSION = YES;
				GCC_WARN_ABOUT_RETURN_TYPE = YES_ERROR;
				GCC_WARN_UNDECLARED_SELECTOR = YES;
				GCC_WARN_UNINITIALIZED_AUTOS = YES_AGGRESSIVE;
				GCC_WARN_UNUSED_FUNCTION = YES;
				GCC_WARN_UNUSED_VARIABLE = YES;
				IPHONEOS_DEPLOYMENT_TARGET = 9.3;
				MTL_ENABLE_DEBUG_INFO = YES;
				ONLY_ACTIVE_ARCH = YES;
				SDKROOT = iphoneos;
				SWIFT_OPTIMIZATION_LEVEL = "-Onone";
				TARGETED_DEVICE_FAMILY = "1,2";
				VERSIONING_SYSTEM = "apple-generic";
				VERSION_INFO_PREFIX = "";
			};
			name = Debug;
		};
		184032AF1DAA769500196E48 /* Release */ = {
			isa = XCBuildConfiguration;
			buildSettings = {
				ALWAYS_SEARCH_USER_PATHS = NO;
				CLANG_ANALYZER_NONNULL = YES;
				CLANG_CXX_LANGUAGE_STANDARD = "gnu++0x";
				CLANG_CXX_LIBRARY = "libc++";
				CLANG_ENABLE_MODULES = YES;
				CLANG_ENABLE_OBJC_ARC = YES;
				CLANG_WARN_BOOL_CONVERSION = YES;
				CLANG_WARN_CONSTANT_CONVERSION = YES;
				CLANG_WARN_DIRECT_OBJC_ISA_USAGE = YES_ERROR;
				CLANG_WARN_EMPTY_BODY = YES;
				CLANG_WARN_ENUM_CONVERSION = YES;
				CLANG_WARN_INT_CONVERSION = YES;
				CLANG_WARN_OBJC_ROOT_CLASS = YES_ERROR;
				CLANG_WARN_UNREACHABLE_CODE = YES;
				CLANG_WARN__DUPLICATE_METHOD_MATCH = YES;
				"CODE_SIGN_IDENTITY[sdk=iphoneos*]" = "iPhone Developer";
				COPY_PHASE_STRIP = NO;
				CURRENT_PROJECT_VERSION = 1;
				DEBUG_INFORMATION_FORMAT = "dwarf-with-dsym";
				ENABLE_NS_ASSERTIONS = NO;
				ENABLE_STRICT_OBJC_MSGSEND = YES;
				GCC_C_LANGUAGE_STANDARD = gnu99;
				GCC_NO_COMMON_BLOCKS = YES;
				GCC_WARN_64_TO_32_BIT_CONVERSION = YES;
				GCC_WARN_ABOUT_RETURN_TYPE = YES_ERROR;
				GCC_WARN_UNDECLARED_SELECTOR = YES;
				GCC_WARN_UNINITIALIZED_AUTOS = YES_AGGRESSIVE;
				GCC_WARN_UNUSED_FUNCTION = YES;
				GCC_WARN_UNUSED_VARIABLE = YES;
				IPHONEOS_DEPLOYMENT_TARGET = 9.3;
				MTL_ENABLE_DEBUG_INFO = NO;
				SDKROOT = iphoneos;
				TARGETED_DEVICE_FAMILY = "1,2";
				VALIDATE_PRODUCT = YES;
				VERSIONING_SYSTEM = "apple-generic";
				VERSION_INFO_PREFIX = "";
			};
			name = Release;
		};
		184032B11DAA769500196E48 /* Debug */ = {
			isa = XCBuildConfiguration;
			buildSettings = {
				CLANG_ENABLE_MODULES = YES;
				DEFINES_MODULE = YES;
				DYLIB_COMPATIBILITY_VERSION = 1;
				DYLIB_CURRENT_VERSION = 1;
				DYLIB_INSTALL_NAME_BASE = "@rpath";
				EMBED_ASSET_PACKS_IN_PRODUCT_BUNDLE = YES;
				FRAMEWORK_SEARCH_PATHS = (
					"$(inherited)",
					"$(PROJECT_DIR)/Carthage/Checkouts/Curry/build/Debug-iphoneos",
					"$(PROJECT_DIR)/Carthage/Checkouts/SwiftyJSON/build/Debug-iphoneos",
					"$(PROJECT_DIR)/Carthage/Checkouts/Alamofire/build/Debug-iphoneos",
					"$(PROJECT_DIR)/Carthage/Checkouts/SwiftMD5/build/Debug",
					"$(PROJECT_DIR)/Carthage/Checkouts/CryptoSwift/build/Debug-iphoneos",
					"$(PROJECT_DIR)/Carthage/Checkouts/youtube-ios-player-helper/build/Debug-iphoneos",
					"$(PROJECT_DIR)/Carthage/Checkouts/Swift-YouTube-Player/YouTubePlayer/build/Debug-iphoneos",
					"$(PROJECT_DIR)/Build/Products/Debug-iphonesimulator",
				);
				INFOPLIST_FILE = WebyclipSDK/Info.plist;
				INSTALL_PATH = "$(LOCAL_LIBRARY_DIR)/Frameworks";
				IPHONEOS_DEPLOYMENT_TARGET = 9.1;
				LD_RUNPATH_SEARCH_PATHS = "$(inherited) @executable_path/Frameworks @loader_path/Frameworks";
				PRODUCT_BUNDLE_IDENTIFIER = webyclip.WebyclipSDK;
				PRODUCT_NAME = "$(TARGET_NAME)";
				SKIP_INSTALL = YES;
				SWIFT_OPTIMIZATION_LEVEL = "-Onone";
				SWIFT_VERSION = 3.0;
			};
			name = Debug;
		};
		184032B21DAA769500196E48 /* Release */ = {
			isa = XCBuildConfiguration;
			buildSettings = {
				CLANG_ENABLE_MODULES = YES;
				DEFINES_MODULE = YES;
				DYLIB_COMPATIBILITY_VERSION = 1;
				DYLIB_CURRENT_VERSION = 1;
				DYLIB_INSTALL_NAME_BASE = "@rpath";
				EMBED_ASSET_PACKS_IN_PRODUCT_BUNDLE = YES;
				FRAMEWORK_SEARCH_PATHS = (
					"$(inherited)",
					"$(PROJECT_DIR)/Carthage/Checkouts/Curry/build/Debug-iphoneos",
					"$(PROJECT_DIR)/Carthage/Checkouts/SwiftyJSON/build/Debug-iphoneos",
					"$(PROJECT_DIR)/Carthage/Checkouts/Alamofire/build/Debug-iphoneos",
					"$(PROJECT_DIR)/Carthage/Checkouts/SwiftMD5/build/Debug",
					"$(PROJECT_DIR)/Carthage/Checkouts/CryptoSwift/build/Debug-iphoneos",
					"$(PROJECT_DIR)/Carthage/Checkouts/youtube-ios-player-helper/build/Debug-iphoneos",
					"$(PROJECT_DIR)/Carthage/Checkouts/Swift-YouTube-Player/YouTubePlayer/build/Debug-iphoneos",
					"$(PROJECT_DIR)/Build/Products/Debug-iphonesimulator",
				);
				INFOPLIST_FILE = WebyclipSDK/Info.plist;
				INSTALL_PATH = "$(LOCAL_LIBRARY_DIR)/Frameworks";
				IPHONEOS_DEPLOYMENT_TARGET = 9.1;
				LD_RUNPATH_SEARCH_PATHS = "$(inherited) @executable_path/Frameworks @loader_path/Frameworks";
				PRODUCT_BUNDLE_IDENTIFIER = webyclip.WebyclipSDK;
				PRODUCT_NAME = "$(TARGET_NAME)";
				SKIP_INSTALL = YES;
				SWIFT_VERSION = 3.0;
			};
			name = Release;
		};
		184032B41DAA769500196E48 /* Debug */ = {
			isa = XCBuildConfiguration;
			buildSettings = {
				FRAMEWORK_SEARCH_PATHS = "$(inherited) ";
				INFOPLIST_FILE = WebyclipSDKTests/Info.plist;
				LD_RUNPATH_SEARCH_PATHS = "$(inherited) @executable_path/Frameworks @loader_path/Frameworks";
				PRODUCT_BUNDLE_IDENTIFIER = webyclip.WebyclipSDKTests;
				PRODUCT_NAME = "$(TARGET_NAME)";
				SWIFT_VERSION = 3.0;
			};
			name = Debug;
		};
		184032B51DAA769500196E48 /* Release */ = {
			isa = XCBuildConfiguration;
			buildSettings = {
				FRAMEWORK_SEARCH_PATHS = "$(inherited) ";
				INFOPLIST_FILE = WebyclipSDKTests/Info.plist;
				LD_RUNPATH_SEARCH_PATHS = "$(inherited) @executable_path/Frameworks @loader_path/Frameworks";
				PRODUCT_BUNDLE_IDENTIFIER = webyclip.WebyclipSDKTests;
				PRODUCT_NAME = "$(TARGET_NAME)";
				SWIFT_VERSION = 3.0;
			};
			name = Release;
		};
/* End XCBuildConfiguration section */

/* Begin XCConfigurationList section */
		184032961DAA769500196E48 /* Build configuration list for PBXProject "WebyclipSDK" */ = {
			isa = XCConfigurationList;
			buildConfigurations = (
				184032AE1DAA769500196E48 /* Debug */,
				184032AF1DAA769500196E48 /* Release */,
			);
			defaultConfigurationIsVisible = 0;
			defaultConfigurationName = Release;
		};
		184032B01DAA769500196E48 /* Build configuration list for PBXNativeTarget "WebyclipSDK" */ = {
			isa = XCConfigurationList;
			buildConfigurations = (
				184032B11DAA769500196E48 /* Debug */,
				184032B21DAA769500196E48 /* Release */,
			);
			defaultConfigurationIsVisible = 0;
			defaultConfigurationName = Release;
		};
		184032B31DAA769500196E48 /* Build configuration list for PBXNativeTarget "WebyclipSDKTests" */ = {
			isa = XCConfigurationList;
			buildConfigurations = (
				184032B41DAA769500196E48 /* Debug */,
				184032B51DAA769500196E48 /* Release */,
			);
			defaultConfigurationIsVisible = 0;
			defaultConfigurationName = Release;
		};
/* End XCConfigurationList section */
	};
	rootObject = 184032931DAA769500196E48 /* Project object */;
}
