PODS:
  - Alamofire (4.0.1)
  - CryptoSwift (0.6.6)
  - SwiftyJSON (3.1.1)
  - WebyclipSDK (0.3.5):
    - Alamofire
    - CryptoSwift
    - SwiftyJSON
    - youtube-ios-player-helper (~> 0.1)
  - youtube-ios-player-helper (0.1.6)

DEPENDENCIES:
  - WebyclipSDK (from `../`)

EXTERNAL SOURCES:
  WebyclipSDK:
    :path: ../

SPEC CHECKSUMS:
  Alamofire: 7682d43245de14874acd142ec137b144aa1dd335
  CryptoSwift: 88592381b73f36e192124539390a7c9bacda76af
  SwiftyJSON: f0be2e604f83e8405a624e9f891898bf6ed4e019
  WebyclipSDK: 4595392f034d14d2704ccf15c9c76c63baa77893
  youtube-ios-player-helper: 21ab92db027c7ff86cb17a3843a3f6eafc8158d2

PODFILE CHECKSUM: f521488faf4b979dd09f5492eac6847750121fc7

COCOAPODS: 1.1.1
